{
  "name": "docusaurus-boilerplates",
  "version": "5.0.0",
  "lockfileVersion": 2,
  "requires": true,
  "packages": {
    "": {
      "name": "docusaurus-boilerplates",
      "version": "5.0.0",
      "license": "MIT",
      "funding": {
        "type": "individual",
        "url": "https://github.com/sponsors/Ruben-Arushanyan"
      }
    }
  }
}
